
Microsoft Visual Studio Solution File, Format Version 12.00
# Visual Studio 15
Project("{FAE04EC0-301F-11D3-BF4B-00C04F79EFBC}") = "Assembly-CSharp", "Assembly-CSharp.csproj", "{C1A43B80-EF51-1510-431D-4B3BE7E64672}"
EndProject
Project("{FAE04EC0-301F-11D3-BF4B-00C04F79EFBC}") = "Assembly-CSharp-firstpass", "Assembly-CSharp-firstpass.csproj", "{A16885AB-5770-6A4F-FDAA-92D7900E985F}"
EndProject
Global
	GlobalSection(SolutionConfigurationPlatforms) = preSolution
		Debug|Any CPU = Debug|Any CPU
		Release|Any CPU = Release|Any CPU
	EndGlobalSection
	GlobalSection(ProjectConfigurationPlatforms) = postSolution
		{C1A43B80-EF51-1510-431D-4B3BE7E64672}.Debug|Any CPU.ActiveCfg = Debug|Any CPU
		{C1A43B80-EF51-1510-431D-4B3BE7E64672}.Debug|Any CPU.Build.0 = Debug|Any CPU
		{C1A43B80-EF51-1510-431D-4B3BE7E64672}.Release|Any CPU.ActiveCfg = Release|Any CPU
		{C1A43B80-EF51-1510-431D-4B3BE7E64672}.Release|Any CPU.Build.0 = Release|Any CPU
		{A16885AB-5770-6A4F-FDAA-92D7900E985F}.Debug|Any CPU.ActiveCfg = Debug|Any CPU
		{A16885AB-5770-6A4F-FDAA-92D7900E985F}.Debug|Any CPU.Build.0 = Debug|Any CPU
		{A16885AB-5770-6A4F-FDAA-92D7900E985F}.Release|Any CPU.ActiveCfg = Release|Any CPU
		{A16885AB-5770-6A4F-FDAA-92D7900E985F}.Release|Any CPU.Build.0 = Release|Any CPU
	EndGlobalSection
	GlobalSection(SolutionProperties) = preSolution
		HideSolutionNode = FALSE
	EndGlobalSection
EndGlobal
