
Microsoft Visual Studio Solution File, Format Version 12.00
# Visual Studio 15
Project("{FAE04EC0-301F-11D3-BF4B-00C04F79EFBC}") = "Assembly-CSharp-firstpass", "Assembly-CSharp-firstpass.csproj", "{BAA460E4-90C2-9A8E-85AB-0860D4F7290F}"
EndProject
Project("{FAE04EC0-301F-11D3-BF4B-00C04F79EFBC}") = "Assembly-CSharp", "Assembly-CSharp.csproj", "{38F7FB0D-145E-B2FF-DFE2-7E2675052177}"
EndProject
Global
	GlobalSection(SolutionConfigurationPlatforms) = preSolution
		Debug|Any CPU = Debug|Any CPU
		Release|Any CPU = Release|Any CPU
	EndGlobalSection
	GlobalSection(ProjectConfigurationPlatforms) = postSolution
		{BAA460E4-90C2-9A8E-85AB-0860D4F7290F}.Debug|Any CPU.ActiveCfg = Debug|Any CPU
		{BAA460E4-90C2-9A8E-85AB-0860D4F7290F}.Debug|Any CPU.Build.0 = Debug|Any CPU
		{BAA460E4-90C2-9A8E-85AB-0860D4F7290F}.Release|Any CPU.ActiveCfg = Release|Any CPU
		{BAA460E4-90C2-9A8E-85AB-0860D4F7290F}.Release|Any CPU.Build.0 = Release|Any CPU
		{38F7FB0D-145E-B2FF-DFE2-7E2675052177}.Debug|Any CPU.ActiveCfg = Debug|Any CPU
		{38F7FB0D-145E-B2FF-DFE2-7E2675052177}.Debug|Any CPU.Build.0 = Debug|Any CPU
		{38F7FB0D-145E-B2FF-DFE2-7E2675052177}.Release|Any CPU.ActiveCfg = Release|Any CPU
		{38F7FB0D-145E-B2FF-DFE2-7E2675052177}.Release|Any CPU.Build.0 = Release|Any CPU
	EndGlobalSection
	GlobalSection(SolutionProperties) = preSolution
		HideSolutionNode = FALSE
	EndGlobalSection
EndGlobal
